
Microsoft Visual Studio Solution File, Format Version 12.00
# Visual Studio Version 16
VisualStudioVersion = 16.0.31624.102
MinimumVisualStudioVersion = 10.0.40219.1
Project("{FAE04EC0-301F-11D3-BF4B-00C04F79EFBC}") = "WebApplication1", "WebApplication1\WebApplication1.csproj", "{43D845B7-3EF2-49B8-BB90-3F393359AF53}"
EndProject
Global
	GlobalSection(SolutionConfigurationPlatforms) = preSolution
		Debug|Any CPU = Debug|Any CPU
		Release|Any CPU = Release|Any CPU
	EndGlobalSection
	GlobalSection(ProjectConfigurationPlatforms) = postSolution
		{43D845B7-3EF2-49B8-BB90-3F393359AF53}.Debug|Any CPU.ActiveCfg = Debug|Any CPU
		{43D845B7-3EF2-49B8-BB90-3F393359AF53}.Debug|Any CPU.Build.0 = Debug|Any CPU
		{43D845B7-3EF2-49B8-BB90-3F393359AF53}.Release|Any CPU.ActiveCfg = Release|Any CPU
		{43D845B7-3EF2-49B8-BB90-3F393359AF53}.Release|Any CPU.Build.0 = Release|Any CPU
	EndGlobalSection
	GlobalSection(SolutionProperties) = preSolution
		HideSolutionNode = FALSE
	EndGlobalSection
	GlobalSection(ExtensibilityGlobals) = postSolution
		SolutionGuid = {FC4FE27C-AF64-44F1-8110-ECF91B758E16}
	EndGlobalSection
EndGlobal
